
Microsoft Visual Studio Solution File, Format Version 12.00
# Visual Studio Version 17
VisualStudioVersion = 17.14.36518.9 d17.14
MinimumVisualStudioVersion = 10.0.40219.1
Project("{FAE04EC0-301F-11D3-BF4B-00C04F79EFBC}") = "parcial_intro_ADD", "parcial_intro_ADD\parcial_intro_ADD.csproj", "{707DB13C-205E-46C1-A28E-C8435E609844}"
EndProject
Global
	GlobalSection(SolutionConfigurationPlatforms) = preSolution
		Debug|Any CPU = Debug|Any CPU
		Release|Any CPU = Release|Any CPU
	EndGlobalSection
	GlobalSection(ProjectConfigurationPlatforms) = postSolution
		{707DB13C-205E-46C1-A28E-C8435E609844}.Debug|Any CPU.ActiveCfg = Debug|Any CPU
		{707DB13C-205E-46C1-A28E-C8435E609844}.Debug|Any CPU.Build.0 = Debug|Any CPU
		{707DB13C-205E-46C1-A28E-C8435E609844}.Release|Any CPU.ActiveCfg = Release|Any CPU
		{707DB13C-205E-46C1-A28E-C8435E609844}.Release|Any CPU.Build.0 = Release|Any CPU
	EndGlobalSection
	GlobalSection(SolutionProperties) = preSolution
		HideSolutionNode = FALSE
	EndGlobalSection
	GlobalSection(ExtensibilityGlobals) = postSolution
		SolutionGuid = {41451D68-E412-45AE-A010-552AEE420865}
	EndGlobalSection
EndGlobal
